
Microsoft Visual Studio Solution File, Format Version 11.00
# Visual Studio 2010
Project("{FAE04EC0-301F-11D3-BF4B-00C04F79EFBC}") = "madras_cafe", "madras_cafe\madras_cafe.csproj", "{90228686-53FD-4491-851A-934F8D57AA3D}"
EndProject
Global
	GlobalSection(SolutionConfigurationPlatforms) = preSolution
		Debug|Any CPU = Debug|Any CPU
		Release|Any CPU = Release|Any CPU
	EndGlobalSection
	GlobalSection(ProjectConfigurationPlatforms) = postSolution
		{90228686-53FD-4491-851A-934F8D57AA3D}.Debug|Any CPU.ActiveCfg = Debug|Any CPU
		{90228686-53FD-4491-851A-934F8D57AA3D}.Debug|Any CPU.Build.0 = Debug|Any CPU
		{90228686-53FD-4491-851A-934F8D57AA3D}.Release|Any CPU.ActiveCfg = Release|Any CPU
		{90228686-53FD-4491-851A-934F8D57AA3D}.Release|Any CPU.Build.0 = Release|Any CPU
	EndGlobalSection
	GlobalSection(SolutionProperties) = preSolution
		HideSolutionNode = FALSE
	EndGlobalSection
EndGlobal
